
Microsoft Visual Studio Solution File, Format Version 12.00
# Visual Studio Version 16
VisualStudioVersion = 16.0.32510.428
MinimumVisualStudioVersion = 10.0.40219.1
Project("{FAE04EC0-301F-11D3-BF4B-00C04F79EFBC}") = "Iterator", "Iterator\Iterator.csproj", "{806CA8A0-ED71-440C-BBB0-CAFA0D3B0233}"
EndProject
Project("{FAE04EC0-301F-11D3-BF4B-00C04F79EFBC}") = "Memento", "Memento\Memento.csproj", "{1622ADDD-49C1-40EE-8447-101F3F16151D}"
EndProject
Project("{FAE04EC0-301F-11D3-BF4B-00C04F79EFBC}") = "ChainOfResponsibility", "ChainOfResponsibility\ChainOfResponsibility.csproj", "{51E4B2E3-62DB-4483-85C0-D7B7C939BE0E}"
EndProject
Global
	GlobalSection(SolutionConfigurationPlatforms) = preSolution
		Debug|Any CPU = Debug|Any CPU
		Release|Any CPU = Release|Any CPU
	EndGlobalSection
	GlobalSection(ProjectConfigurationPlatforms) = postSolution
		{806CA8A0-ED71-440C-BBB0-CAFA0D3B0233}.Debug|Any CPU.ActiveCfg = Debug|Any CPU
		{806CA8A0-ED71-440C-BBB0-CAFA0D3B0233}.Debug|Any CPU.Build.0 = Debug|Any CPU
		{806CA8A0-ED71-440C-BBB0-CAFA0D3B0233}.Release|Any CPU.ActiveCfg = Release|Any CPU
		{806CA8A0-ED71-440C-BBB0-CAFA0D3B0233}.Release|Any CPU.Build.0 = Release|Any CPU
		{1622ADDD-49C1-40EE-8447-101F3F16151D}.Debug|Any CPU.ActiveCfg = Debug|Any CPU
		{1622ADDD-49C1-40EE-8447-101F3F16151D}.Debug|Any CPU.Build.0 = Debug|Any CPU
		{1622ADDD-49C1-40EE-8447-101F3F16151D}.Release|Any CPU.ActiveCfg = Release|Any CPU
		{1622ADDD-49C1-40EE-8447-101F3F16151D}.Release|Any CPU.Build.0 = Release|Any CPU
		{51E4B2E3-62DB-4483-85C0-D7B7C939BE0E}.Debug|Any CPU.ActiveCfg = Debug|Any CPU
		{51E4B2E3-62DB-4483-85C0-D7B7C939BE0E}.Debug|Any CPU.Build.0 = Debug|Any CPU
		{51E4B2E3-62DB-4483-85C0-D7B7C939BE0E}.Release|Any CPU.ActiveCfg = Release|Any CPU
		{51E4B2E3-62DB-4483-85C0-D7B7C939BE0E}.Release|Any CPU.Build.0 = Release|Any CPU
	EndGlobalSection
	GlobalSection(SolutionProperties) = preSolution
		HideSolutionNode = FALSE
	EndGlobalSection
	GlobalSection(ExtensibilityGlobals) = postSolution
		SolutionGuid = {176CD00C-D839-455C-B09E-0C9C31736309}
	EndGlobalSection
EndGlobal
